// !$*UTF8*$!
{
	archiveVersion = 1;
	classes = {
	};
	objectVersion = 50;
	objects = {

/* Begin PBXBuildFile section */
		220F521527D6334D005EF05E /* AppDelegate.swift in Sources */ = {isa = PBXBuildFile; fileRef = 220F521427D6334D005EF05E /* AppDelegate.swift */; };
		220F521727D6334D005EF05E /* SceneDelegate.swift in Sources */ = {isa = PBXBuildFile; fileRef = 220F521627D6334D005EF05E /* SceneDelegate.swift */; };
		220F521927D6334D005EF05E /* ViewController.swift in Sources */ = {isa = PBXBuildFile; fileRef = 220F521827D6334D005EF05E /* ViewController.swift */; };
		220F521C27D6334D005EF05E /* Main.storyboard in Resources */ = {isa = PBXBuildFile; fileRef = 220F521A27D6334D005EF05E /* Main.storyboard */; };
		220F521F27D6334D005EF05E /* DDDDDD.xcdatamodeld in Sources */ = {isa = PBXBuildFile; fileRef = 220F521D27D6334D005EF05E /* DDDDDD.xcdatamodeld */; };
		220F522127D63351005EF05E /* Assets.xcassets in Resources */ = {isa = PBXBuildFile; fileRef = 220F522027D63351005EF05E /* Assets.xcassets */; };
		220F522427D63351005EF05E /* LaunchScreen.storyboard in Resources */ = {isa = PBXBuildFile; fileRef = 220F522227D63351005EF05E /* LaunchScreen.storyboard */; };
		2265802027D8FC9E00874A17 /* baseClass.swift in Sources */ = {isa = PBXBuildFile; fileRef = 2265801F27D8FC9E00874A17 /* baseClass.swift */; };
/* End PBXBuildFile section */

/* Begin PBXFileReference section */
		220F521127D6334D005EF05E /* DDDDDD.app */ = {isa = PBXFileReference; explicitFileType = wrapper.application; includeInIndex = 0; path = DDDDDD.app; sourceTree = BUILT_PRODUCTS_DIR; };
		220F521427D6334D005EF05E /* AppDelegate.swift */ = {isa = PBXFileReference; lastKnownFileType = sourcecode.swift; path = AppDelegate.swift; sourceTree = "<group>"; };
		220F521627D6334D005EF05E /* SceneDelegate.swift */ = {isa = PBXFileReference; lastKnownFileType = sourcecode.swift; path = SceneDelegate.swift; sourceTree = "<group>"; };
		220F521827D6334D005EF05E /* ViewController.swift */ = {isa = PBXFileReference; lastKnownFileType = sourcecode.swift; path = ViewController.swift; sourceTree = "<group>"; };
		220F521B27D6334D005EF05E /* Base */ = {isa = PBXFileReference; lastKnownFileType = file.storyboard; name = Base; path = Base.lproj/Main.storyboard; sourceTree = "<group>"; };
		220F521E27D6334D005EF05E /* DDDDDD.xcdatamodel */ = {isa = PBXFileReference; lastKnownFileType = wrapper.xcdatamodel; path = DDDDDD.xcdatamodel; sourceTree = "<group>"; };
		220F522027D63351005EF05E /* Assets.xcassets */ = {isa = PBXFileReference; lastKnownFileType = folder.assetcatalog; path = Assets.xcassets; sourceTree = "<group>"; };
		220F522327D63351005EF05E /* Base */ = {isa = PBXFileReference; lastKnownFileType = file.storyboard; name = Base; path = Base.lproj/LaunchScreen.storyboard; sourceTree = "<group>"; };
		220F522527D63351005EF05E /* Info.plist */ = {isa = PBXFileReference; lastKnownFileType = text.plist.xml; path = Info.plist; sourceTree = "<group>"; };
		2265801F27D8FC9E00874A17 /* baseClass.swift */ = {isa = PBXFileReference; lastKnownFileType = sourcecode.swift; path = baseClass.swift; sourceTree = "<group>"; };
/* End PBXFileReference section */

/* Begin PBXFrameworksBuildPhase section */
		220F520E27D6334D005EF05E /* Frameworks */ = {
			isa = PBXFrameworksBuildPhase;
			buildActionMask = 2147483647;
			files = (
			);
			runOnlyForDeploymentPostprocessing = 0;
		};
/* End PBXFrameworksBuildPhase section */

/* Begin PBXGroup section */
		220F520827D6334D005EF05E = {
			isa = PBXGroup;
			children = (
				220F521327D6334D005EF05E /* DDDDDD */,
				220F521227D6334D005EF05E /* Products */,
			);
			sourceTree = "<group>";
		};
		220F521227D6334D005EF05E /* Products */ = {
			isa = PBXGroup;
			children = (
				220F521127D6334D005EF05E /* DDDDDD.app */,
			);
			name = Products;
			sourceTree = "<group>";
		};
		220F521327D6334D005EF05E /* DDDDDD */ = {
			isa = PBXGroup;
			children = (
				220F521427D6334D005EF05E /* AppDelegate.swift */,
				220F521627D6334D005EF05E /* SceneDelegate.swift */,
				220F521827D6334D005EF05E /* ViewController.swift */,
				220F521A27D6334D005EF05E /* Main.storyboard */,
				220F522027D63351005EF05E /* Assets.xcassets */,
				220F522227D63351005EF05E /* LaunchScreen.storyboard */,
				220F522527D63351005EF05E /* Info.plist */,
				220F521D27D6334D005EF05E /* DDDDDD.xcdatamodeld */,
				2265801F27D8FC9E00874A17 /* baseClass.swift */,
			);
			path = DDDDDD;
			sourceTree = "<group>";
		};
/* End PBXGroup section */

/* Begin PBXNativeTarget section */
		220F521027D6334D005EF05E /* DDDDDD */ = {
			isa = PBXNativeTarget;
			buildConfigurationList = 220F522827D63351005EF05E /* Build configuration list for PBXNativeTarget "DDDDDD" */;
			buildPhases = (
				220F520D27D6334D005EF05E /* Sources */,
				220F520E27D6334D005EF05E /* Frameworks */,
				220F520F27D6334D005EF05E /* Resources */,
			);
			buildRules = (
			);
			dependencies = (
			);
			name = DDDDDD;
			productName = DDDDDD;
			productReference = 220F521127D6334D005EF05E /* DDDDDD.app */;
			productType = "com.apple.product-type.application";
		};
/* End PBXNativeTarget section */

/* Begin PBXProject section */
		220F520927D6334D005EF05E /* Project object */ = {
			isa = PBXProject;
			attributes = {
				LastSwiftUpdateCheck = 1220;
				LastUpgradeCheck = 1220;
				TargetAttributes = {
					220F521027D6334D005EF05E = {
						CreatedOnToolsVersion = 12.2;
					};
				};
			};
			buildConfigurationList = 220F520C27D6334D005EF05E /* Build configuration list for PBXProject "DDDDDD" */;
			compatibilityVersion = "Xcode 9.3";
			developmentRegion = en;
			hasScannedForEncodings = 0;
			knownRegions = (
				en,
				Base,
			);
			mainGroup = 220F520827D6334D005EF05E;
			productRefGroup = 220F521227D6334D005EF05E /* Products */;
			projectDirPath = "";
			projectRoot = "";
			targets = (
				220F521027D6334D005EF05E /* DDDDDD */,
			);
		};
/* End PBXProject section */

/* Begin PBXResourcesBuildPhase section */
		220F520F27D6334D005EF05E /* Resources */ = {
			isa = PBXResourcesBuildPhase;
			buildActionMask = 2147483647;
			files = (
				220F522427D63351005EF05E /* LaunchScreen.storyboard in Resources */,
				220F522127D63351005EF05E /* Assets.xcassets in Resources */,
				220F521C27D6334D005EF05E /* Main.storyboard in Resources */,
			);
			runOnlyForDeploymentPostprocessing = 0;
		};
/* End PBXResourcesBuildPhase section */

/* Begin PBXSourcesBuildPhase section */
		220F520D27D6334D005EF05E /* Sources */ = {
			isa = PBXSourcesBuildPhase;
			buildActionMask = 2147483647;
			files = (
				2265802027D8FC9E00874A17 /* baseClass.swift in Sources */,
				220F521927D6334D005EF05E /* ViewController.swift in Sources */,
				220F521527D6334D005EF05E /* AppDelegate.swift in Sources */,
				220F521727D6334D005EF05E /* SceneDelegate.swift in Sources */,
				220F521F27D6334D005EF05E /* DDDDDD.xcdatamodeld in Sources */,
			);
			runOnlyForDeploymentPostprocessing = 0;
		};
/* End PBXSourcesBuildPhase section */

/* Begin PBXVariantGroup section */
		220F521A27D6334D005EF05E /* Main.storyboard */ = {
			isa = PBXVariantGroup;
			children = (
				220F521B27D6334D005EF05E /* Base */,
			);
			name = Main.storyboard;
			sourceTree = "<group>";
		};
		220F522227D63351005EF05E /* LaunchScreen.storyboard */ = {
			isa = PBXVariantGroup;
			children = (
				220F522327D63351005EF05E /* Base */,
			);
			name = LaunchScreen.storyboard;
			sourceTree = "<group>";
		};
/* End PBXVariantGroup section */

/* Begin XCBuildConfiguration section */
		220F522627D63351005EF05E /* Debug */ = {
			isa = XCBuildConfiguration;
			buildSettings = {
				ALWAYS_SEARCH_USER_PATHS = NO;
				CLANG_ANALYZER_NONNULL = YES;
				CLANG_ANALYZER_NUMBER_OBJECT_CONVERSION = YES_AGGRESSIVE;
				CLANG_CXX_LANGUAGE_STANDARD = "gnu++14";
				CLANG_CXX_LIBRARY = "libc++";
				CLANG_ENABLE_MODULES = YES;
				CLANG_ENABLE_OBJC_ARC = YES;
				CLANG_ENABLE_OBJC_WEAK = YES;
				CLANG_WARN_BLOCK_CAPTURE_AUTORELEASING = YES;
				CLANG_WARN_BOOL_CONVERSION = YES;
				CLANG_WARN_COMMA = YES;
				CLANG_WARN_CONSTANT_CONVERSION = YES;
				CLANG_WARN_DEPRECATED_OBJC_IMPLEMENTATIONS = YES;
				CLANG_WARN_DIRECT_OBJC_ISA_USAGE = YES_ERROR;
				CLANG_WARN_DOCUMENTATION_COMMENTS = YES;
				CLANG_WARN_EMPTY_BODY = YES;
				CLANG_WARN_ENUM_CONVERSION = YES;
				CLANG_WARN_INFINITE_RECURSION = YES;
				CLANG_WARN_INT_CONVERSION = YES;
				CLANG_WARN_NON_LITERAL_NULL_CONVERSION = YES;
				CLANG_WARN_OBJC_IMPLICIT_RETAIN_SELF = YES;
				CLANG_WARN_OBJC_LITERAL_CONVERSION = YES;
				CLANG_WARN_OBJC_ROOT_CLASS = YES_ERROR;
				CLANG_WARN_QUOTED_INCLUDE_IN_FRAMEWORK_HEADER = YES;
				CLANG_WARN_RANGE_LOOP_ANALYSIS = YES;
				CLANG_WARN_STRICT_PROTOTYPES = YES;
				CLANG_WARN_SUSPICIOUS_MOVE = YES;
				CLANG_WARN_UNGUARDED_AVAILABILITY = YES_AGGRESSIVE;
				CLANG_WARN_UNREACHABLE_CODE = YES;
				CLANG_WARN__DUPLICATE_METHOD_MATCH = YES;
				COPY_PHASE_STRIP = NO;
				DEBUG_INFORMATION_FORMAT = dwarf;
				ENABLE_STRICT_OBJC_MSGSEND = YES;
				ENABLE_TESTABILITY = YES;
				GCC_C_LANGUAGE_STANDARD = gnu11;
				GCC_DYNAMIC_NO_PIC = NO;
				GCC_NO_COMMON_BLOCKS = YES;
				GCC_OPTIMIZATION_LEVEL = 0;
				GCC_PREPROCESSOR_DEFINITIONS = (
					"DEBUG=1",
					"$(inherited)",
				);
				GCC_WARN_64_TO_32_BIT_CONVERSION = YES;
				GCC_WARN_ABOUT_RETURN_TYPE = YES_ERROR;
				GCC_WARN_UNDECLARED_SELECTOR = YES;
				GCC_WARN_UNINITIALIZED_AUTOS = YES_AGGRESSIVE;
				GCC_WARN_UNUSED_FUNCTION = YES;
				GCC_WARN_UNUSED_VARIABLE = YES;
				IPHONEOS_DEPLOYMENT_TARGET = 14.2;
				MTL_ENABLE_DEBUG_INFO = INCLUDE_SOURCE;
				MTL_FAST_MATH = YES;
				ONLY_ACTIVE_ARCH = YES;
				SDKROOT = iphoneos;
				SWIFT_ACTIVE_COMPILATION_CONDITIONS = DEBUG;
				SWIFT_OPTIMIZATION_LEVEL = "-Onone";
			};
			name = Debug;
		};
		220F522727D63351005EF05E /* Release */ = {
			isa = XCBuildConfiguration;
			buildSettings = {
				ALWAYS_SEARCH_USER_PATHS = NO;
				CLANG_ANALYZER_NONNULL = YES;
				CLANG_ANALYZER_NUMBER_OBJECT_CONVERSION = YES_AGGRESSIVE;
				CLANG_CXX_LANGUAGE_STANDARD = "gnu++14";
				CLANG_CXX_LIBRARY = "libc++";
				CLANG_ENABLE_MODULES = YES;
				CLANG_ENABLE_OBJC_ARC = YES;
				CLANG_ENABLE_OBJC_WEAK = YES;
				CLANG_WARN_BLOCK_CAPTURE_AUTORELEASING = YES;
				CLANG_WARN_BOOL_CONVERSION = YES;
				CLANG_WARN_COMMA = YES;
				CLANG_WARN_CONSTANT_CONVERSION = YES;
				CLANG_WARN_DEPRECATED_OBJC_IMPLEMENTATIONS = YES;
				CLANG_WARN_DIRECT_OBJC_ISA_USAGE = YES_ERROR;
				CLANG_WARN_DOCUMENTATION_COMMENTS = YES;
				CLANG_WARN_EMPTY_BODY = YES;
				CLANG_WARN_ENUM_CONVERSION = YES;
				CLANG_WARN_INFINITE_RECURSION = YES;
				CLANG_WARN_INT_CONVERSION = YES;
				CLANG_WARN_NON_LITERAL_NULL_CONVERSION = YES;
				CLANG_WARN_OBJC_IMPLICIT_RETAIN_SELF = YES;
				CLANG_WARN_OBJC_LITERAL_CONVERSION = YES;
				CLANG_WARN_OBJC_ROOT_CLASS = YES_ERROR;
				CLANG_WARN_QUOTED_INCLUDE_IN_FRAMEWORK_HEADER = YES;
				CLANG_WARN_RANGE_LOOP_ANALYSIS = YES;
				CLANG_WARN_STRICT_PROTOTYPES = YES;
				CLANG_WARN_SUSPICIOUS_MOVE = YES;
				CLANG_WARN_UNGUARDED_AVAILABILITY = YES_AGGRESSIVE;
				CLANG_WARN_UNREACHABLE_CODE = YES;
				CLANG_WARN__DUPLICATE_METHOD_MATCH = YES;
				COPY_PHASE_STRIP = NO;
				DEBUG_INFORMATION_FORMAT = "dwarf-with-dsym";
				ENABLE_NS_ASSERTIONS = NO;
				ENABLE_STRICT_OBJC_MSGSEND = YES;
				GCC_C_LANGUAGE_STANDARD = gnu11;
				GCC_NO_COMMON_BLOCKS = YES;
				GCC_WARN_64_TO_32_BIT_CONVERSION = YES;
				GCC_WARN_ABOUT_RETURN_TYPE = YES_ERROR;
				GCC_WARN_UNDECLARED_SELECTOR = YES;
				GCC_WARN_UNINITIALIZED_AUTOS = YES_AGGRESSIVE;
				GCC_WARN_UNUSED_FUNCTION = YES;
				GCC_WARN_UNUSED_VARIABLE = YES;
				IPHONEOS_DEPLOYMENT_TARGET = 14.2;
				MTL_ENABLE_DEBUG_INFO = NO;
				MTL_FAST_MATH = YES;
				SDKROOT = iphoneos;
				SWIFT_COMPILATION_MODE = wholemodule;
				SWIFT_OPTIMIZATION_LEVEL = "-O";
				VALIDATE_PRODUCT = YES;
			};
			name = Release;
		};
		220F522927D63351005EF05E /* Debug */ = {
			isa = XCBuildConfiguration;
			buildSettings = {
				ASSETCATALOG_COMPILER_APPICON_NAME = AppIcon;
				ASSETCATALOG_COMPILER_GLOBAL_ACCENT_COLOR_NAME = AccentColor;
				CODE_SIGN_STYLE = Automatic;
				INFOPLIST_FILE = DDDDDD/Info.plist;
				LD_RUNPATH_SEARCH_PATHS = (
					"$(inherited)",
					"@executable_path/Frameworks",
				);
				PRODUCT_BUNDLE_IDENTIFIER = Home.h.DDDDDD;
				PRODUCT_NAME = "$(TARGET_NAME)";
				SWIFT_VERSION = 5.0;
				TARGETED_DEVICE_FAMILY = "1,2";
			};
			name = Debug;
		};
		220F522A27D63351005EF05E /* Release */ = {
			isa = XCBuildConfiguration;
			buildSettings = {
				ASSETCATALOG_COMPILER_APPICON_NAME = AppIcon;
				ASSETCATALOG_COMPILER_GLOBAL_ACCENT_COLOR_NAME = AccentColor;
				CODE_SIGN_STYLE = Automatic;
				INFOPLIST_FILE = DDDDDD/Info.plist;
				LD_RUNPATH_SEARCH_PATHS = (
					"$(inherited)",
					"@executable_path/Frameworks",
				);
				PRODUCT_BUNDLE_IDENTIFIER = Home.h.DDDDDD;
				PRODUCT_NAME = "$(TARGET_NAME)";
				SWIFT_VERSION = 5.0;
				TARGETED_DEVICE_FAMILY = "1,2";
			};
			name = Release;
		};
/* End XCBuildConfiguration section */

/* Begin XCConfigurationList section */
		220F520C27D6334D005EF05E /* Build configuration list for PBXProject "DDDDDD" */ = {
			isa = XCConfigurationList;
			buildConfigurations = (
				220F522627D63351005EF05E /* Debug */,
				220F522727D63351005EF05E /* Release */,
			);
			defaultConfigurationIsVisible = 0;
			defaultConfigurationName = Release;
		};
		220F522827D63351005EF05E /* Build configuration list for PBXNativeTarget "DDDDDD" */ = {
			isa = XCConfigurationList;
			buildConfigurations = (
				220F522927D63351005EF05E /* Debug */,
				220F522A27D63351005EF05E /* Release */,
			);
			defaultConfigurationIsVisible = 0;
			defaultConfigurationName = Release;
		};
/* End XCConfigurationList section */

/* Begin XCVersionGroup section */
		220F521D27D6334D005EF05E /* DDDDDD.xcdatamodeld */ = {
			isa = XCVersionGroup;
			children = (
				220F521E27D6334D005EF05E /* DDDDDD.xcdatamodel */,
			);
			currentVersion = 220F521E27D6334D005EF05E /* DDDDDD.xcdatamodel */;
			path = DDDDDD.xcdatamodeld;
			sourceTree = "<group>";
			versionGroupType = wrapper.xcdatamodel;
		};
/* End XCVersionGroup section */
	};
	rootObject = 220F520927D6334D005EF05E /* Project object */;
}
